
Microsoft Visual Studio Solution File, Format Version 12.00
# Visual Studio Version 16
VisualStudioVersion = 16.0.31205.134
MinimumVisualStudioVersion = 10.0.40219.1
Project("{FAE04EC0-301F-11D3-BF4B-00C04F79EFBC}") = "factory", "factory\factory.csproj", "{2321D341-C31E-4043-BD5C-8F6CC69A54C7}"
EndProject
Global
	GlobalSection(SolutionConfigurationPlatforms) = preSolution
		Debug|Any CPU = Debug|Any CPU
		Release|Any CPU = Release|Any CPU
	EndGlobalSection
	GlobalSection(ProjectConfigurationPlatforms) = postSolution
		{2321D341-C31E-4043-BD5C-8F6CC69A54C7}.Debug|Any CPU.ActiveCfg = Debug|Any CPU
		{2321D341-C31E-4043-BD5C-8F6CC69A54C7}.Debug|Any CPU.Build.0 = Debug|Any CPU
		{2321D341-C31E-4043-BD5C-8F6CC69A54C7}.Release|Any CPU.ActiveCfg = Release|Any CPU
		{2321D341-C31E-4043-BD5C-8F6CC69A54C7}.Release|Any CPU.Build.0 = Release|Any CPU
	EndGlobalSection
	GlobalSection(SolutionProperties) = preSolution
		HideSolutionNode = FALSE
	EndGlobalSection
	GlobalSection(ExtensibilityGlobals) = postSolution
		SolutionGuid = {88F8BA89-85C4-42E4-8AA3-05DF17CF6FB9}
	EndGlobalSection
EndGlobal
